
Microsoft Visual Studio Solution File, Format Version 12.00
# Visual Studio Version 18
VisualStudioVersion = 18.1.11312.151 d18.0
MinimumVisualStudioVersion = 10.0.40219.1
Project("{FAE04EC0-301F-11D3-BF4B-00C04F79EFBC}") = "AssetManagement.API", "AssetManagement.API\AssetManagement.API.csproj", "{FAE9EB9C-CF34-045F-74E7-ACC88232D672}"
EndProject
Project("{FAE04EC0-301F-11D3-BF4B-00C04F79EFBC}") = "AssetManagement.Application", "AssetManagement.Application\AssetManagement.Application.csproj", "{3D8F3260-0869-82DA-AAAB-5812371FE54E}"
EndProject
Project("{FAE04EC0-301F-11D3-BF4B-00C04F79EFBC}") = "AssetManagement.Domain", "AssetManagement.Domain\AssetManagement.Domain.csproj", "{953ECABF-63A1-F480-AF07-7AC4B6800910}"
EndProject
Project("{FAE04EC0-301F-11D3-BF4B-00C04F79EFBC}") = "AssetManagement.Infrastructure", "AssetManagement.Infrastructure\AssetManagement.Infrastructure.csproj", "{DCDF5642-DB12-E408-6B17-9FC8E7C3FC74}"
EndProject
Project("{FAE04EC0-301F-11D3-BF4B-00C04F79EFBC}") = "AssetManagement.Tests", "AssetManagement.Tests\AssetManagement.Tests.csproj", "{FDA1EE49-6734-F7FA-BF22-24717FE3A38A}"
EndProject
Global
	GlobalSection(SolutionConfigurationPlatforms) = preSolution
		Debug|Any CPU = Debug|Any CPU
		Release|Any CPU = Release|Any CPU
	EndGlobalSection
	GlobalSection(ProjectConfigurationPlatforms) = postSolution
		{FAE9EB9C-CF34-045F-74E7-ACC88232D672}.Debug|Any CPU.ActiveCfg = Debug|Any CPU
		{FAE9EB9C-CF34-045F-74E7-ACC88232D672}.Debug|Any CPU.Build.0 = Debug|Any CPU
		{FAE9EB9C-CF34-045F-74E7-ACC88232D672}.Release|Any CPU.ActiveCfg = Release|Any CPU
		{FAE9EB9C-CF34-045F-74E7-ACC88232D672}.Release|Any CPU.Build.0 = Release|Any CPU
		{3D8F3260-0869-82DA-AAAB-5812371FE54E}.Debug|Any CPU.ActiveCfg = Debug|Any CPU
		{3D8F3260-0869-82DA-AAAB-5812371FE54E}.Debug|Any CPU.Build.0 = Debug|Any CPU
		{3D8F3260-0869-82DA-AAAB-5812371FE54E}.Release|Any CPU.ActiveCfg = Release|Any CPU
		{3D8F3260-0869-82DA-AAAB-5812371FE54E}.Release|Any CPU.Build.0 = Release|Any CPU
		{953ECABF-63A1-F480-AF07-7AC4B6800910}.Debug|Any CPU.ActiveCfg = Debug|Any CPU
		{953ECABF-63A1-F480-AF07-7AC4B6800910}.Debug|Any CPU.Build.0 = Debug|Any CPU
		{953ECABF-63A1-F480-AF07-7AC4B6800910}.Release|Any CPU.ActiveCfg = Release|Any CPU
		{953ECABF-63A1-F480-AF07-7AC4B6800910}.Release|Any CPU.Build.0 = Release|Any CPU
		{DCDF5642-DB12-E408-6B17-9FC8E7C3FC74}.Debug|Any CPU.ActiveCfg = Debug|Any CPU
		{DCDF5642-DB12-E408-6B17-9FC8E7C3FC74}.Debug|Any CPU.Build.0 = Debug|Any CPU
		{DCDF5642-DB12-E408-6B17-9FC8E7C3FC74}.Release|Any CPU.ActiveCfg = Release|Any CPU
		{DCDF5642-DB12-E408-6B17-9FC8E7C3FC74}.Release|Any CPU.Build.0 = Release|Any CPU
		{FDA1EE49-6734-F7FA-BF22-24717FE3A38A}.Debug|Any CPU.ActiveCfg = Debug|Any CPU
		{FDA1EE49-6734-F7FA-BF22-24717FE3A38A}.Debug|Any CPU.Build.0 = Debug|Any CPU
		{FDA1EE49-6734-F7FA-BF22-24717FE3A38A}.Release|Any CPU.ActiveCfg = Release|Any CPU
		{FDA1EE49-6734-F7FA-BF22-24717FE3A38A}.Release|Any CPU.Build.0 = Release|Any CPU
	EndGlobalSection
	GlobalSection(SolutionProperties) = preSolution
		HideSolutionNode = FALSE
	EndGlobalSection
	GlobalSection(ExtensibilityGlobals) = postSolution
		SolutionGuid = {341A59BC-20A6-4072-B5D3-81CB67BA9C64}
	EndGlobalSection
EndGlobal
